
Microsoft Visual Studio Solution File, Format Version 12.00
# Visual Studio Version 17
VisualStudioVersion = 17.3.32901.215
MinimumVisualStudioVersion = 10.0.40219.1
Project("{FAE04EC0-301F-11D3-BF4B-00C04F79EFBC}") = "HealthcheckHub", "HealthcheckHub\HealthcheckHub.csproj", "{1F3120B3-7A09-4CA7-A910-5FF089687CDE}"
EndProject
Global
	GlobalSection(SolutionConfigurationPlatforms) = preSolution
		Debug|Any CPU = Debug|Any CPU
		Release|Any CPU = Release|Any CPU
	EndGlobalSection
	GlobalSection(ProjectConfigurationPlatforms) = postSolution
		{1F3120B3-7A09-4CA7-A910-5FF089687CDE}.Debug|Any CPU.ActiveCfg = Debug|Any CPU
		{1F3120B3-7A09-4CA7-A910-5FF089687CDE}.Debug|Any CPU.Build.0 = Debug|Any CPU
		{1F3120B3-7A09-4CA7-A910-5FF089687CDE}.Release|Any CPU.ActiveCfg = Release|Any CPU
		{1F3120B3-7A09-4CA7-A910-5FF089687CDE}.Release|Any CPU.Build.0 = Release|Any CPU
	EndGlobalSection
	GlobalSection(SolutionProperties) = preSolution
		HideSolutionNode = FALSE
	EndGlobalSection
	GlobalSection(ExtensibilityGlobals) = postSolution
		SolutionGuid = {41771490-4139-4C23-9F68-6560563E25C2}
	EndGlobalSection
EndGlobal
